{
  "name": "Moonquake",
  "lockfileVersion": 2,
  "requires": true,
  "packages": {
    "": {
      "dependencies": {
        "glm-js": "^0.0.6-c"
      }
    },
    "node_modules/glm-js": {
      "version": "0.0.6-c",
      "resolved": "https://registry.npmjs.org/glm-js/-/glm-js-0.0.6-c.tgz",
      "integrity": "sha512-x3LtH/tcnS8qDoPVKeZ2vS/MqIvp6Y9IrADfizuMFji9srTgt8afQ4JOGDx2LVV+D5ZzNfqid3UuTvwtH0PKnQ=="
    }
  },
  "dependencies": {
    "glm-js": {
      "version": "0.0.6-c",
      "resolved": "https://registry.npmjs.org/glm-js/-/glm-js-0.0.6-c.tgz",
      "integrity": "sha512-x3LtH/tcnS8qDoPVKeZ2vS/MqIvp6Y9IrADfizuMFji9srTgt8afQ4JOGDx2LVV+D5ZzNfqid3UuTvwtH0PKnQ=="
    }
  }
}
